
Microsoft Visual Studio Solution File, Format Version 12.00
# Visual Studio Version 16
VisualStudioVersion = 16.0.31005.135
MinimumVisualStudioVersion = 10.0.40219.1
Project("{FAE04EC0-301F-11D3-BF4B-00C04F79EFBC}") = "UWPattendance", "UWPattendance.csproj", "{E2754213-D900-4FE2-8756-EDF2D0DB3442}"
EndProject
Global
	GlobalSection(SolutionConfigurationPlatforms) = preSolution
		Debug|ARM = Debug|ARM
		Debug|ARM64 = Debug|ARM64
		Debug|x64 = Debug|x64
		Debug|x86 = Debug|x86
		Release|ARM = Release|ARM
		Release|ARM64 = Release|ARM64
		Release|x64 = Release|x64
		Release|x86 = Release|x86
	EndGlobalSection
	GlobalSection(ProjectConfigurationPlatforms) = postSolution
		{E2754213-D900-4FE2-8756-EDF2D0DB3442}.Debug|ARM.ActiveCfg = Debug|ARM
		{E2754213-D900-4FE2-8756-EDF2D0DB3442}.Debug|ARM.Build.0 = Debug|ARM
		{E2754213-D900-4FE2-8756-EDF2D0DB3442}.Debug|ARM.Deploy.0 = Debug|ARM
		{E2754213-D900-4FE2-8756-EDF2D0DB3442}.Debug|ARM64.ActiveCfg = Debug|ARM64
		{E2754213-D900-4FE2-8756-EDF2D0DB3442}.Debug|ARM64.Build.0 = Debug|ARM64
		{E2754213-D900-4FE2-8756-EDF2D0DB3442}.Debug|ARM64.Deploy.0 = Debug|ARM64
		{E2754213-D900-4FE2-8756-EDF2D0DB3442}.Debug|x64.ActiveCfg = Debug|x64
		{E2754213-D900-4FE2-8756-EDF2D0DB3442}.Debug|x64.Build.0 = Debug|x64
		{E2754213-D900-4FE2-8756-EDF2D0DB3442}.Debug|x64.Deploy.0 = Debug|x64
		{E2754213-D900-4FE2-8756-EDF2D0DB3442}.Debug|x86.ActiveCfg = Debug|x86
		{E2754213-D900-4FE2-8756-EDF2D0DB3442}.Debug|x86.Build.0 = Debug|x86
		{E2754213-D900-4FE2-8756-EDF2D0DB3442}.Debug|x86.Deploy.0 = Debug|x86
		{E2754213-D900-4FE2-8756-EDF2D0DB3442}.Release|ARM.ActiveCfg = Release|ARM
		{E2754213-D900-4FE2-8756-EDF2D0DB3442}.Release|ARM.Build.0 = Release|ARM
		{E2754213-D900-4FE2-8756-EDF2D0DB3442}.Release|ARM.Deploy.0 = Release|ARM
		{E2754213-D900-4FE2-8756-EDF2D0DB3442}.Release|ARM64.ActiveCfg = Release|ARM64
		{E2754213-D900-4FE2-8756-EDF2D0DB3442}.Release|ARM64.Build.0 = Release|ARM64
		{E2754213-D900-4FE2-8756-EDF2D0DB3442}.Release|ARM64.Deploy.0 = Release|ARM64
		{E2754213-D900-4FE2-8756-EDF2D0DB3442}.Release|x64.ActiveCfg = Release|x64
		{E2754213-D900-4FE2-8756-EDF2D0DB3442}.Release|x64.Build.0 = Release|x64
		{E2754213-D900-4FE2-8756-EDF2D0DB3442}.Release|x64.Deploy.0 = Release|x64
		{E2754213-D900-4FE2-8756-EDF2D0DB3442}.Release|x86.ActiveCfg = Release|x86
		{E2754213-D900-4FE2-8756-EDF2D0DB3442}.Release|x86.Build.0 = Release|x86
		{E2754213-D900-4FE2-8756-EDF2D0DB3442}.Release|x86.Deploy.0 = Release|x86
	EndGlobalSection
	GlobalSection(SolutionProperties) = preSolution
		HideSolutionNode = FALSE
	EndGlobalSection
	GlobalSection(ExtensibilityGlobals) = postSolution
		SolutionGuid = {2112FA07-7E88-443D-BEFF-9A21B310B7E8}
	EndGlobalSection
EndGlobal
